
Microsoft Visual Studio Solution File, Format Version 12.00
# Visual Studio Version 16
VisualStudioVersion = 16.0.29613.14
MinimumVisualStudioVersion = 10.0.40219.1
Project("{FAE04EC0-301F-11D3-BF4B-00C04F79EFBC}") = "BetterQuicksave", "BetterQuicksave\BetterQuicksave.csproj", "{40EDF4FC-9454-4EA9-9042-1B6539CA37C9}"
EndProject
Global
	GlobalSection(SolutionConfigurationPlatforms) = preSolution
		Debug|Any CPU = Debug|Any CPU
		Release|Any CPU = Release|Any CPU
	EndGlobalSection
	GlobalSection(ProjectConfigurationPlatforms) = postSolution
		{40EDF4FC-9454-4EA9-9042-1B6539CA37C9}.Debug|Any CPU.ActiveCfg = Debug|Any CPU
		{40EDF4FC-9454-4EA9-9042-1B6539CA37C9}.Debug|Any CPU.Build.0 = Debug|Any CPU
		{40EDF4FC-9454-4EA9-9042-1B6539CA37C9}.Release|Any CPU.ActiveCfg = Release|Any CPU
		{40EDF4FC-9454-4EA9-9042-1B6539CA37C9}.Release|Any CPU.Build.0 = Release|Any CPU
	EndGlobalSection
	GlobalSection(SolutionProperties) = preSolution
		HideSolutionNode = FALSE
	EndGlobalSection
	GlobalSection(ExtensibilityGlobals) = postSolution
		SolutionGuid = {E5611D5C-CEE9-472D-BDAA-D3B57BEA7E6F}
	EndGlobalSection
EndGlobal
