
Microsoft Visual Studio Solution File, Format Version 12.00
# Visual Studio Version 16
VisualStudioVersion = 16.0.29509.3
MinimumVisualStudioVersion = 10.0.40219.1
Project("{FAE04EC0-301F-11D3-BF4B-00C04F79EFBC}") = "AutoSaveMod", "AutoSaveMod.csproj", "{D0636D78-5150-42E8-B286-1B90B724F1BB}"
EndProject
Global
	GlobalSection(SolutionConfigurationPlatforms) = preSolution
		Debug|Any CPU = Debug|Any CPU
		Debug|x64 = Debug|x64
		Release|Any CPU = Release|Any CPU
		Release|x64 = Release|x64
	EndGlobalSection
	GlobalSection(ProjectConfigurationPlatforms) = postSolution
		{D0636D78-5150-42E8-B286-1B90B724F1BB}.Debug|Any CPU.ActiveCfg = Debug|Any CPU
		{D0636D78-5150-42E8-B286-1B90B724F1BB}.Debug|Any CPU.Build.0 = Debug|Any CPU
		{D0636D78-5150-42E8-B286-1B90B724F1BB}.Debug|x64.ActiveCfg = Debug|x64
		{D0636D78-5150-42E8-B286-1B90B724F1BB}.Debug|x64.Build.0 = Debug|x64
		{D0636D78-5150-42E8-B286-1B90B724F1BB}.Release|Any CPU.ActiveCfg = Release|Any CPU
		{D0636D78-5150-42E8-B286-1B90B724F1BB}.Release|Any CPU.Build.0 = Release|Any CPU
		{D0636D78-5150-42E8-B286-1B90B724F1BB}.Release|x64.ActiveCfg = Release|x64
		{D0636D78-5150-42E8-B286-1B90B724F1BB}.Release|x64.Build.0 = Release|x64
	EndGlobalSection
	GlobalSection(SolutionProperties) = preSolution
		HideSolutionNode = FALSE
	EndGlobalSection
	GlobalSection(ExtensibilityGlobals) = postSolution
		SolutionGuid = {8AF231D4-B8B5-4CD2-8F98-7DD56BA75671}
	EndGlobalSection
EndGlobal
